// !$*UTF8*$!
{
	archiveVersion = 1;
	classes = {
	};
	objectVersion = 48;
	objects = {

/* Begin PBXBuildFile section */
		40131A342011EA9A005017C4 /* AppDelegate.swift in Sources */ = {isa = PBXBuildFile; fileRef = 40131A332011EA9A005017C4 /* AppDelegate.swift */; };
		40131A362011EA9A005017C4 /* ViewController.swift in Sources */ = {isa = PBXBuildFile; fileRef = 40131A352011EA9A005017C4 /* ViewController.swift */; };
		40131A392011EA9A005017C4 /* Main.storyboard in Resources */ = {isa = PBXBuildFile; fileRef = 40131A372011EA9A005017C4 /* Main.storyboard */; };
		40131A3B2011EA9A005017C4 /* Assets.xcassets in Resources */ = {isa = PBXBuildFile; fileRef = 40131A3A2011EA9A005017C4 /* Assets.xcassets */; };
		40131A3E2011EA9A005017C4 /* LaunchScreen.storyboard in Resources */ = {isa = PBXBuildFile; fileRef = 40131A3C2011EA9A005017C4 /* LaunchScreen.storyboard */; };
		40131A482011EC7F005017C4 /* commoditiesTableViewCell.swift in Sources */ = {isa = PBXBuildFile; fileRef = 40131A452011EC7E005017C4 /* commoditiesTableViewCell.swift */; };
		40131A492011EC7F005017C4 /* commoditiesTableViewController.swift in Sources */ = {isa = PBXBuildFile; fileRef = 40131A462011EC7E005017C4 /* commoditiesTableViewController.swift */; };
		40131A4A2011EC7F005017C4 /* commoditiesInfoViewController.swift in Sources */ = {isa = PBXBuildFile; fileRef = 40131A472011EC7E005017C4 /* commoditiesInfoViewController.swift */; };
		40131A4C2011EC85005017C4 /* addCommoditiesTableViewController.swift in Sources */ = {isa = PBXBuildFile; fileRef = 40131A4B2011EC85005017C4 /* addCommoditiesTableViewController.swift */; };
		40131A4E2011EC8A005017C4 /* tomorrowBuyTableViewController.swift in Sources */ = {isa = PBXBuildFile; fileRef = 40131A4D2011EC8A005017C4 /* tomorrowBuyTableViewController.swift */; };
/* End PBXBuildFile section */

/* Begin PBXFileReference section */
		40131A302011EA9A005017C4 /* eggPieIosFinal.app */ = {isa = PBXFileReference; explicitFileType = wrapper.application; includeInIndex = 0; path = eggPieIosFinal.app; sourceTree = BUILT_PRODUCTS_DIR; };
		40131A332011EA9A005017C4 /* AppDelegate.swift */ = {isa = PBXFileReference; lastKnownFileType = sourcecode.swift; path = AppDelegate.swift; sourceTree = "<group>"; };
		40131A352011EA9A005017C4 /* ViewController.swift */ = {isa = PBXFileReference; lastKnownFileType = sourcecode.swift; path = ViewController.swift; sourceTree = "<group>"; };
		40131A382011EA9A005017C4 /* Base */ = {isa = PBXFileReference; lastKnownFileType = file.storyboard; name = Base; path = Base.lproj/Main.storyboard; sourceTree = "<group>"; };
		40131A3A2011EA9A005017C4 /* Assets.xcassets */ = {isa = PBXFileReference; lastKnownFileType = folder.assetcatalog; path = Assets.xcassets; sourceTree = "<group>"; };
		40131A3D2011EA9A005017C4 /* Base */ = {isa = PBXFileReference; lastKnownFileType = file.storyboard; name = Base; path = Base.lproj/LaunchScreen.storyboard; sourceTree = "<group>"; };
		40131A3F2011EA9A005017C4 /* Info.plist */ = {isa = PBXFileReference; lastKnownFileType = text.plist.xml; path = Info.plist; sourceTree = "<group>"; };
		40131A452011EC7E005017C4 /* commoditiesTableViewCell.swift */ = {isa = PBXFileReference; fileEncoding = 4; lastKnownFileType = sourcecode.swift; path = commoditiesTableViewCell.swift; sourceTree = "<group>"; };
		40131A462011EC7E005017C4 /* commoditiesTableViewController.swift */ = {isa = PBXFileReference; fileEncoding = 4; lastKnownFileType = sourcecode.swift; path = commoditiesTableViewController.swift; sourceTree = "<group>"; };
		40131A472011EC7E005017C4 /* commoditiesInfoViewController.swift */ = {isa = PBXFileReference; fileEncoding = 4; lastKnownFileType = sourcecode.swift; path = commoditiesInfoViewController.swift; sourceTree = "<group>"; };
		40131A4B2011EC85005017C4 /* addCommoditiesTableViewController.swift */ = {isa = PBXFileReference; fileEncoding = 4; lastKnownFileType = sourcecode.swift; path = addCommoditiesTableViewController.swift; sourceTree = "<group>"; };
		40131A4D2011EC8A005017C4 /* tomorrowBuyTableViewController.swift */ = {isa = PBXFileReference; fileEncoding = 4; lastKnownFileType = sourcecode.swift; path = tomorrowBuyTableViewController.swift; sourceTree = "<group>"; };
/* End PBXFileReference section */

/* Begin PBXFrameworksBuildPhase section */
		40131A2D2011EA9A005017C4 /* Frameworks */ = {
			isa = PBXFrameworksBuildPhase;
			buildActionMask = 2147483647;
			files = (
			);
			runOnlyForDeploymentPostprocessing = 0;
		};
/* End PBXFrameworksBuildPhase section */

/* Begin PBXGroup section */
		40131A272011EA9A005017C4 = {
			isa = PBXGroup;
			children = (
				40131A322011EA9A005017C4 /* eggPieIosFinal */,
				40131A312011EA9A005017C4 /* Products */,
			);
			sourceTree = "<group>";
		};
		40131A312011EA9A005017C4 /* Products */ = {
			isa = PBXGroup;
			children = (
				40131A302011EA9A005017C4 /* eggPieIosFinal.app */,
			);
			name = Products;
			sourceTree = "<group>";
		};
		40131A322011EA9A005017C4 /* eggPieIosFinal */ = {
			isa = PBXGroup;
			children = (
				40131A4D2011EC8A005017C4 /* tomorrowBuyTableViewController.swift */,
				40131A4B2011EC85005017C4 /* addCommoditiesTableViewController.swift */,
				40131A472011EC7E005017C4 /* commoditiesInfoViewController.swift */,
				40131A452011EC7E005017C4 /* commoditiesTableViewCell.swift */,
				40131A462011EC7E005017C4 /* commoditiesTableViewController.swift */,
				40131A332011EA9A005017C4 /* AppDelegate.swift */,
				40131A352011EA9A005017C4 /* ViewController.swift */,
				40131A372011EA9A005017C4 /* Main.storyboard */,
				40131A3A2011EA9A005017C4 /* Assets.xcassets */,
				40131A3C2011EA9A005017C4 /* LaunchScreen.storyboard */,
				40131A3F2011EA9A005017C4 /* Info.plist */,
			);
			path = eggPieIosFinal;
			sourceTree = "<group>";
		};
/* End PBXGroup section */

/* Begin PBXNativeTarget section */
		40131A2F2011EA9A005017C4 /* eggPieIosFinal */ = {
			isa = PBXNativeTarget;
			buildConfigurationList = 40131A422011EA9A005017C4 /* Build configuration list for PBXNativeTarget "eggPieIosFinal" */;
			buildPhases = (
				40131A2C2011EA9A005017C4 /* Sources */,
				40131A2D2011EA9A005017C4 /* Frameworks */,
				40131A2E2011EA9A005017C4 /* Resources */,
			);
			buildRules = (
			);
			dependencies = (
			);
			name = eggPieIosFinal;
			productName = eggPieIosFinal;
			productReference = 40131A302011EA9A005017C4 /* eggPieIosFinal.app */;
			productType = "com.apple.product-type.application";
		};
/* End PBXNativeTarget section */

/* Begin PBXProject section */
		40131A282011EA9A005017C4 /* Project object */ = {
			isa = PBXProject;
			attributes = {
				LastSwiftUpdateCheck = 0900;
				LastUpgradeCheck = 0900;
				ORGANIZATIONNAME = user_23;
				TargetAttributes = {
					40131A2F2011EA9A005017C4 = {
						CreatedOnToolsVersion = 9.0;
						ProvisioningStyle = Automatic;
					};
				};
			};
			buildConfigurationList = 40131A2B2011EA9A005017C4 /* Build configuration list for PBXProject "eggPieIosFinal" */;
			compatibilityVersion = "Xcode 8.0";
			developmentRegion = en;
			hasScannedForEncodings = 0;
			knownRegions = (
				en,
				Base,
			);
			mainGroup = 40131A272011EA9A005017C4;
			productRefGroup = 40131A312011EA9A005017C4 /* Products */;
			projectDirPath = "";
			projectRoot = "";
			targets = (
				40131A2F2011EA9A005017C4 /* eggPieIosFinal */,
			);
		};
/* End PBXProject section */

/* Begin PBXResourcesBuildPhase section */
		40131A2E2011EA9A005017C4 /* Resources */ = {
			isa = PBXResourcesBuildPhase;
			buildActionMask = 2147483647;
			files = (
				40131A3E2011EA9A005017C4 /* LaunchScreen.storyboard in Resources */,
				40131A3B2011EA9A005017C4 /* Assets.xcassets in Resources */,
				40131A392011EA9A005017C4 /* Main.storyboard in Resources */,
			);
			runOnlyForDeploymentPostprocessing = 0;
		};
/* End PBXResourcesBuildPhase section */

/* Begin PBXSourcesBuildPhase section */
		40131A2C2011EA9A005017C4 /* Sources */ = {
			isa = PBXSourcesBuildPhase;
			buildActionMask = 2147483647;
			files = (
				40131A4A2011EC7F005017C4 /* commoditiesInfoViewController.swift in Sources */,
				40131A362011EA9A005017C4 /* ViewController.swift in Sources */,
				40131A342011EA9A005017C4 /* AppDelegate.swift in Sources */,
				40131A4C2011EC85005017C4 /* addCommoditiesTableViewController.swift in Sources */,
				40131A482011EC7F005017C4 /* commoditiesTableViewCell.swift in Sources */,
				40131A4E2011EC8A005017C4 /* tomorrowBuyTableViewController.swift in Sources */,
				40131A492011EC7F005017C4 /* commoditiesTableViewController.swift in Sources */,
			);
			runOnlyForDeploymentPostprocessing = 0;
		};
/* End PBXSourcesBuildPhase section */

/* Begin PBXVariantGroup section */
		40131A372011EA9A005017C4 /* Main.storyboard */ = {
			isa = PBXVariantGroup;
			children = (
				40131A382011EA9A005017C4 /* Base */,
			);
			name = Main.storyboard;
			sourceTree = "<group>";
		};
		40131A3C2011EA9A005017C4 /* LaunchScreen.storyboard */ = {
			isa = PBXVariantGroup;
			children = (
				40131A3D2011EA9A005017C4 /* Base */,
			);
			name = LaunchScreen.storyboard;
			sourceTree = "<group>";
		};
/* End PBXVariantGroup section */

/* Begin XCBuildConfiguration section */
		40131A402011EA9A005017C4 /* Debug */ = {
			isa = XCBuildConfiguration;
			buildSettings = {
				ALWAYS_SEARCH_USER_PATHS = NO;
				CLANG_ANALYZER_NONNULL = YES;
				CLANG_ANALYZER_NUMBER_OBJECT_CONVERSION = YES_AGGRESSIVE;
				CLANG_CXX_LANGUAGE_STANDARD = "gnu++14";
				CLANG_CXX_LIBRARY = "libc++";
				CLANG_ENABLE_MODULES = YES;
				CLANG_ENABLE_OBJC_ARC = YES;
				CLANG_WARN_BLOCK_CAPTURE_AUTORELEASING = YES;
				CLANG_WARN_BOOL_CONVERSION = YES;
				CLANG_WARN_COMMA = YES;
				CLANG_WARN_CONSTANT_CONVERSION = YES;
				CLANG_WARN_DIRECT_OBJC_ISA_USAGE = YES_ERROR;
				CLANG_WARN_DOCUMENTATION_COMMENTS = YES;
				CLANG_WARN_EMPTY_BODY = YES;
				CLANG_WARN_ENUM_CONVERSION = YES;
				CLANG_WARN_INFINITE_RECURSION = YES;
				CLANG_WARN_INT_CONVERSION = YES;
				CLANG_WARN_NON_LITERAL_NULL_CONVERSION = YES;
				CLANG_WARN_OBJC_LITERAL_CONVERSION = YES;
				CLANG_WARN_OBJC_ROOT_CLASS = YES_ERROR;
				CLANG_WARN_RANGE_LOOP_ANALYSIS = YES;
				CLANG_WARN_STRICT_PROTOTYPES = YES;
				CLANG_WARN_SUSPICIOUS_MOVE = YES;
				CLANG_WARN_UNGUARDED_AVAILABILITY = YES_AGGRESSIVE;
				CLANG_WARN_UNREACHABLE_CODE = YES;
				CLANG_WARN__DUPLICATE_METHOD_MATCH = YES;
				CODE_SIGN_IDENTITY = "iPhone Developer";
				COPY_PHASE_STRIP = NO;
				DEBUG_INFORMATION_FORMAT = dwarf;
				ENABLE_STRICT_OBJC_MSGSEND = YES;
				ENABLE_TESTABILITY = YES;
				GCC_C_LANGUAGE_STANDARD = gnu11;
				GCC_DYNAMIC_NO_PIC = NO;
				GCC_NO_COMMON_BLOCKS = YES;
				GCC_OPTIMIZATION_LEVEL = 0;
				GCC_PREPROCESSOR_DEFINITIONS = (
					"DEBUG=1",
					"$(inherited)",
				);
				GCC_WARN_64_TO_32_BIT_CONVERSION = YES;
				GCC_WARN_ABOUT_RETURN_TYPE = YES_ERROR;
				GCC_WARN_UNDECLARED_SELECTOR = YES;
				GCC_WARN_UNINITIALIZED_AUTOS = YES_AGGRESSIVE;
				GCC_WARN_UNUSED_FUNCTION = YES;
				GCC_WARN_UNUSED_VARIABLE = YES;
				IPHONEOS_DEPLOYMENT_TARGET = 11.0;
				MTL_ENABLE_DEBUG_INFO = YES;
				ONLY_ACTIVE_ARCH = YES;
				SDKROOT = iphoneos;
				SWIFT_ACTIVE_COMPILATION_CONDITIONS = DEBUG;
				SWIFT_OPTIMIZATION_LEVEL = "-Onone";
			};
			name = Debug;
		};
		40131A412011EA9A005017C4 /* Release */ = {
			isa = XCBuildConfiguration;
			buildSettings = {
				ALWAYS_SEARCH_USER_PATHS = NO;
				CLANG_ANALYZER_NONNULL = YES;
				CLANG_ANALYZER_NUMBER_OBJECT_CONVERSION = YES_AGGRESSIVE;
				CLANG_CXX_LANGUAGE_STANDARD = "gnu++14";
				CLANG_CXX_LIBRARY = "libc++";
				CLANG_ENABLE_MODULES = YES;
				CLANG_ENABLE_OBJC_ARC = YES;
				CLANG_WARN_BLOCK_CAPTURE_AUTORELEASING = YES;
				CLANG_WARN_BOOL_CONVERSION = YES;
				CLANG_WARN_COMMA = YES;
				CLANG_WARN_CONSTANT_CONVERSION = YES;
				CLANG_WARN_DIRECT_OBJC_ISA_USAGE = YES_ERROR;
				CLANG_WARN_DOCUMENTATION_COMMENTS = YES;
				CLANG_WARN_EMPTY_BODY = YES;
				CLANG_WARN_ENUM_CONVERSION = YES;
				CLANG_WARN_INFINITE_RECURSION = YES;
				CLANG_WARN_INT_CONVERSION = YES;
				CLANG_WARN_NON_LITERAL_NULL_CONVERSION = YES;
				CLANG_WARN_OBJC_LITERAL_CONVERSION = YES;
				CLANG_WARN_OBJC_ROOT_CLASS = YES_ERROR;
				CLANG_WARN_RANGE_LOOP_ANALYSIS = YES;
				CLANG_WARN_STRICT_PROTOTYPES = YES;
				CLANG_WARN_SUSPICIOUS_MOVE = YES;
				CLANG_WARN_UNGUARDED_AVAILABILITY = YES_AGGRESSIVE;
				CLANG_WARN_UNREACHABLE_CODE = YES;
				CLANG_WARN__DUPLICATE_METHOD_MATCH = YES;
				CODE_SIGN_IDENTITY = "iPhone Developer";
				COPY_PHASE_STRIP = NO;
				DEBUG_INFORMATION_FORMAT = "dwarf-with-dsym";
				ENABLE_NS_ASSERTIONS = NO;
				ENABLE_STRICT_OBJC_MSGSEND = YES;
				GCC_C_LANGUAGE_STANDARD = gnu11;
				GCC_NO_COMMON_BLOCKS = YES;
				GCC_WARN_64_TO_32_BIT_CONVERSION = YES;
				GCC_WARN_ABOUT_RETURN_TYPE = YES_ERROR;
				GCC_WARN_UNDECLARED_SELECTOR = YES;
				GCC_WARN_UNINITIALIZED_AUTOS = YES_AGGRESSIVE;
				GCC_WARN_UNUSED_FUNCTION = YES;
				GCC_WARN_UNUSED_VARIABLE = YES;
				IPHONEOS_DEPLOYMENT_TARGET = 11.0;
				MTL_ENABLE_DEBUG_INFO = NO;
				SDKROOT = iphoneos;
				SWIFT_OPTIMIZATION_LEVEL = "-Owholemodule";
				VALIDATE_PRODUCT = YES;
			};
			name = Release;
		};
		40131A432011EA9A005017C4 /* Debug */ = {
			isa = XCBuildConfiguration;
			buildSettings = {
				ASSETCATALOG_COMPILER_APPICON_NAME = AppIcon;
				CODE_SIGN_STYLE = Automatic;
				INFOPLIST_FILE = eggPieIosFinal/Info.plist;
				LD_RUNPATH_SEARCH_PATHS = "$(inherited) @executable_path/Frameworks";
				PRODUCT_BUNDLE_IDENTIFIER = com.wtfaha.eggPieIosFinal;
				PRODUCT_NAME = "$(TARGET_NAME)";
				SWIFT_VERSION = 4.0;
				TARGETED_DEVICE_FAMILY = "1,2";
			};
			name = Debug;
		};
		40131A442011EA9A005017C4 /* Release */ = {
			isa = XCBuildConfiguration;
			buildSettings = {
				ASSETCATALOG_COMPILER_APPICON_NAME = AppIcon;
				CODE_SIGN_STYLE = Automatic;
				INFOPLIST_FILE = eggPieIosFinal/Info.plist;
				LD_RUNPATH_SEARCH_PATHS = "$(inherited) @executable_path/Frameworks";
				PRODUCT_BUNDLE_IDENTIFIER = com.wtfaha.eggPieIosFinal;
				PRODUCT_NAME = "$(TARGET_NAME)";
				SWIFT_VERSION = 4.0;
				TARGETED_DEVICE_FAMILY = "1,2";
			};
			name = Release;
		};
/* End XCBuildConfiguration section */

/* Begin XCConfigurationList section */
		40131A2B2011EA9A005017C4 /* Build configuration list for PBXProject "eggPieIosFinal" */ = {
			isa = XCConfigurationList;
			buildConfigurations = (
				40131A402011EA9A005017C4 /* Debug */,
				40131A412011EA9A005017C4 /* Release */,
			);
			defaultConfigurationIsVisible = 0;
			defaultConfigurationName = Release;
		};
		40131A422011EA9A005017C4 /* Build configuration list for PBXNativeTarget "eggPieIosFinal" */ = {
			isa = XCConfigurationList;
			buildConfigurations = (
				40131A432011EA9A005017C4 /* Debug */,
				40131A442011EA9A005017C4 /* Release */,
			);
			defaultConfigurationIsVisible = 0;
			defaultConfigurationName = Release;
		};
/* End XCConfigurationList section */
	};
	rootObject = 40131A282011EA9A005017C4 /* Project object */;
}
